
Microsoft Visual Studio Solution File, Format Version 12.00
# Visual Studio Version 16
VisualStudioVersion = 16.0.30907.101
MinimumVisualStudioVersion = 10.0.40219.1
Project("{FAE04EC0-301F-11D3-BF4B-00C04F79EFBC}") = "DictionaryCreation", "DictionaryCreation\DictionaryCreation.csproj", "{0C4A12C2-ECF1-4701-8452-C4A9820C9D22}"
EndProject
Global
	GlobalSection(SolutionConfigurationPlatforms) = preSolution
		Debug|Any CPU = Debug|Any CPU
		Release|Any CPU = Release|Any CPU
	EndGlobalSection
	GlobalSection(ProjectConfigurationPlatforms) = postSolution
		{0C4A12C2-ECF1-4701-8452-C4A9820C9D22}.Debug|Any CPU.ActiveCfg = Debug|Any CPU
		{0C4A12C2-ECF1-4701-8452-C4A9820C9D22}.Debug|Any CPU.Build.0 = Debug|Any CPU
		{0C4A12C2-ECF1-4701-8452-C4A9820C9D22}.Release|Any CPU.ActiveCfg = Release|Any CPU
		{0C4A12C2-ECF1-4701-8452-C4A9820C9D22}.Release|Any CPU.Build.0 = Release|Any CPU
	EndGlobalSection
	GlobalSection(SolutionProperties) = preSolution
		HideSolutionNode = FALSE
	EndGlobalSection
	GlobalSection(ExtensibilityGlobals) = postSolution
		SolutionGuid = {0B8649B4-DBBD-4E99-8027-C1F06BFDA721}
	EndGlobalSection
EndGlobal
